// !$*UTF8*$!
{
	archiveVersion = 1;
	classes = {
	};
	objectVersion = 56;
	objects = {

/* Begin PBXBuildFile section */
		183E49712A540641000E0C78 /* AppDelegate.swift in Sources */ = {isa = PBXBuildFile; fileRef = 183E49702A540641000E0C78 /* AppDelegate.swift */; };
		183E49732A540641000E0C78 /* SceneDelegate.swift in Sources */ = {isa = PBXBuildFile; fileRef = 183E49722A540641000E0C78 /* SceneDelegate.swift */; };
		183E49752A540641000E0C78 /* MainTabBarViewController.swift in Sources */ = {isa = PBXBuildFile; fileRef = 183E49742A540641000E0C78 /* MainTabBarViewController.swift */; };
		183E497A2A540643000E0C78 /* Assets.xcassets in Resources */ = {isa = PBXBuildFile; fileRef = 183E49792A540643000E0C78 /* Assets.xcassets */; };
		183E497D2A540643000E0C78 /* LaunchScreen.storyboard in Resources */ = {isa = PBXBuildFile; fileRef = 183E497B2A540643000E0C78 /* LaunchScreen.storyboard */; };
		183E49862A5412E2000E0C78 /* HomeViewController.swift in Sources */ = {isa = PBXBuildFile; fileRef = 183E49852A5412E2000E0C78 /* HomeViewController.swift */; };
		183E49882A541329000E0C78 /* UpcomingViewController.swift in Sources */ = {isa = PBXBuildFile; fileRef = 183E49872A541329000E0C78 /* UpcomingViewController.swift */; };
		183E498A2A541356000E0C78 /* SearchViewController.swift in Sources */ = {isa = PBXBuildFile; fileRef = 183E49892A541356000E0C78 /* SearchViewController.swift */; };
		183E498C2A54138A000E0C78 /* DownloadsViewController.swift in Sources */ = {isa = PBXBuildFile; fileRef = 183E498B2A54138A000E0C78 /* DownloadsViewController.swift */; };
		183E49932A55658B000E0C78 /* CollectionViewTableViewCell.swift in Sources */ = {isa = PBXBuildFile; fileRef = 183E49922A55658B000E0C78 /* CollectionViewTableViewCell.swift */; };
		183E49952A569F5C000E0C78 /* HeroHeaderUIView.swift in Sources */ = {isa = PBXBuildFile; fileRef = 183E49942A569F5C000E0C78 /* HeroHeaderUIView.swift */; };
		183E49972A594959000E0C78 /* API caller.swift in Sources */ = {isa = PBXBuildFile; fileRef = 183E49962A594959000E0C78 /* API caller.swift */; };
		183E49992A594ECC000E0C78 /* Title.swift in Sources */ = {isa = PBXBuildFile; fileRef = 183E49982A594ECC000E0C78 /* Title.swift */; };
		183E499B2A5D46E8000E0C78 /* Extension.swift in Sources */ = {isa = PBXBuildFile; fileRef = 183E499A2A5D46E8000E0C78 /* Extension.swift */; };
		183E499F2A5EC2D4000E0C78 /* TitleCollectionViewCell.swift in Sources */ = {isa = PBXBuildFile; fileRef = 183E499E2A5EC2D4000E0C78 /* TitleCollectionViewCell.swift */; };
		183E49A22A5EC9AF000E0C78 /* SDWebImage in Frameworks */ = {isa = PBXBuildFile; productRef = 183E49A12A5EC9AF000E0C78 /* SDWebImage */; };
		183E49A42A5EC9AF000E0C78 /* SDWebImageMapKit in Frameworks */ = {isa = PBXBuildFile; productRef = 183E49A32A5EC9AF000E0C78 /* SDWebImageMapKit */; };
		183E49A62A6CB891000E0C78 /* TitleTableViewCell.swift in Sources */ = {isa = PBXBuildFile; fileRef = 183E49A52A6CB891000E0C78 /* TitleTableViewCell.swift */; };
		183E49A82A6CBCF7000E0C78 /* TitleViewModel.swift in Sources */ = {isa = PBXBuildFile; fileRef = 183E49A72A6CBCF7000E0C78 /* TitleViewModel.swift */; };
		183E49AC2A7110F2000E0C78 /* SearchResultsViewController.swift in Sources */ = {isa = PBXBuildFile; fileRef = 183E49AB2A7110F2000E0C78 /* SearchResultsViewController.swift */; };
		183E49B02A774261000E0C78 /* YoutubeSearchResponse.swift in Sources */ = {isa = PBXBuildFile; fileRef = 183E49AF2A774261000E0C78 /* YoutubeSearchResponse.swift */; };
/* End PBXBuildFile section */

/* Begin PBXFileReference section */
		183E496D2A540641000E0C78 /* Netflix Clone.app */ = {isa = PBXFileReference; explicitFileType = wrapper.application; includeInIndex = 0; path = "Netflix Clone.app"; sourceTree = BUILT_PRODUCTS_DIR; };
		183E49702A540641000E0C78 /* AppDelegate.swift */ = {isa = PBXFileReference; lastKnownFileType = sourcecode.swift; path = AppDelegate.swift; sourceTree = "<group>"; };
		183E49722A540641000E0C78 /* SceneDelegate.swift */ = {isa = PBXFileReference; lastKnownFileType = sourcecode.swift; path = SceneDelegate.swift; sourceTree = "<group>"; };
		183E49742A540641000E0C78 /* MainTabBarViewController.swift */ = {isa = PBXFileReference; lastKnownFileType = sourcecode.swift; path = MainTabBarViewController.swift; sourceTree = "<group>"; };
		183E49792A540643000E0C78 /* Assets.xcassets */ = {isa = PBXFileReference; lastKnownFileType = folder.assetcatalog; path = Assets.xcassets; sourceTree = "<group>"; };
		183E497C2A540643000E0C78 /* Base */ = {isa = PBXFileReference; lastKnownFileType = file.storyboard; name = Base; path = Base.lproj/LaunchScreen.storyboard; sourceTree = "<group>"; };
		183E497E2A540643000E0C78 /* Info.plist */ = {isa = PBXFileReference; lastKnownFileType = text.plist.xml; path = Info.plist; sourceTree = "<group>"; };
		183E49852A5412E2000E0C78 /* HomeViewController.swift */ = {isa = PBXFileReference; lastKnownFileType = sourcecode.swift; path = HomeViewController.swift; sourceTree = "<group>"; };
		183E49872A541329000E0C78 /* UpcomingViewController.swift */ = {isa = PBXFileReference; lastKnownFileType = sourcecode.swift; path = UpcomingViewController.swift; sourceTree = "<group>"; };
		183E49892A541356000E0C78 /* SearchViewController.swift */ = {isa = PBXFileReference; lastKnownFileType = sourcecode.swift; path = SearchViewController.swift; sourceTree = "<group>"; };
		183E498B2A54138A000E0C78 /* DownloadsViewController.swift */ = {isa = PBXFileReference; lastKnownFileType = sourcecode.swift; path = DownloadsViewController.swift; sourceTree = "<group>"; };
		183E49922A55658B000E0C78 /* CollectionViewTableViewCell.swift */ = {isa = PBXFileReference; lastKnownFileType = sourcecode.swift; path = CollectionViewTableViewCell.swift; sourceTree = "<group>"; };
		183E49942A569F5C000E0C78 /* HeroHeaderUIView.swift */ = {isa = PBXFileReference; lastKnownFileType = sourcecode.swift; path = HeroHeaderUIView.swift; sourceTree = "<group>"; };
		183E49962A594959000E0C78 /* API caller.swift */ = {isa = PBXFileReference; lastKnownFileType = sourcecode.swift; path = "API caller.swift"; sourceTree = "<group>"; };
		183E49982A594ECC000E0C78 /* Title.swift */ = {isa = PBXFileReference; lastKnownFileType = sourcecode.swift; path = Title.swift; sourceTree = "<group>"; };
		183E499A2A5D46E8000E0C78 /* Extension.swift */ = {isa = PBXFileReference; lastKnownFileType = sourcecode.swift; path = Extension.swift; sourceTree = "<group>"; };
		183E499E2A5EC2D4000E0C78 /* TitleCollectionViewCell.swift */ = {isa = PBXFileReference; lastKnownFileType = sourcecode.swift; path = TitleCollectionViewCell.swift; sourceTree = "<group>"; };
		183E49A52A6CB891000E0C78 /* TitleTableViewCell.swift */ = {isa = PBXFileReference; lastKnownFileType = sourcecode.swift; path = TitleTableViewCell.swift; sourceTree = "<group>"; };
		183E49A72A6CBCF7000E0C78 /* TitleViewModel.swift */ = {isa = PBXFileReference; lastKnownFileType = sourcecode.swift; path = TitleViewModel.swift; sourceTree = "<group>"; };
		183E49AB2A7110F2000E0C78 /* SearchResultsViewController.swift */ = {isa = PBXFileReference; lastKnownFileType = sourcecode.swift; path = SearchResultsViewController.swift; sourceTree = "<group>"; };
		183E49AF2A774261000E0C78 /* YoutubeSearchResponse.swift */ = {isa = PBXFileReference; lastKnownFileType = sourcecode.swift; path = YoutubeSearchResponse.swift; sourceTree = "<group>"; };
/* End PBXFileReference section */

/* Begin PBXFrameworksBuildPhase section */
		183E496A2A540641000E0C78 /* Frameworks */ = {
			isa = PBXFrameworksBuildPhase;
			buildActionMask = 2147483647;
			files = (
				183E49A42A5EC9AF000E0C78 /* SDWebImageMapKit in Frameworks */,
				183E49A22A5EC9AF000E0C78 /* SDWebImage in Frameworks */,
			);
			runOnlyForDeploymentPostprocessing = 0;
		};
/* End PBXFrameworksBuildPhase section */

/* Begin PBXGroup section */
		183E49642A540641000E0C78 = {
			isa = PBXGroup;
			children = (
				183E496F2A540641000E0C78 /* Netflix Clone */,
				183E496E2A540641000E0C78 /* Products */,
			);
			sourceTree = "<group>";
		};
		183E496E2A540641000E0C78 /* Products */ = {
			isa = PBXGroup;
			children = (
				183E496D2A540641000E0C78 /* Netflix Clone.app */,
			);
			name = Products;
			sourceTree = "<group>";
		};
		183E496F2A540641000E0C78 /* Netflix Clone */ = {
			isa = PBXGroup;
			children = (
				183E49912A556531000E0C78 /* Managers */,
				183E49902A55652A000E0C78 /* Resources */,
				183E498F2A5564FF000E0C78 /* Models */,
				183E498D2A5564D9000E0C78 /* Views */,
				183E498E2A5564F0000E0C78 /* ViewModels */,
				183E49842A541298000E0C78 /* Controller */,
				183E49702A540641000E0C78 /* AppDelegate.swift */,
				183E49722A540641000E0C78 /* SceneDelegate.swift */,
				183E49742A540641000E0C78 /* MainTabBarViewController.swift */,
				183E49792A540643000E0C78 /* Assets.xcassets */,
				183E497B2A540643000E0C78 /* LaunchScreen.storyboard */,
				183E497E2A540643000E0C78 /* Info.plist */,
			);
			path = "Netflix Clone";
			sourceTree = "<group>";
		};
		183E49842A541298000E0C78 /* Controller */ = {
			isa = PBXGroup;
			children = (
				183E49AE2A711142000E0C78 /* General */,
				183E49AD2A711124000E0C78 /* Core */,
			);
			path = Controller;
			sourceTree = "<group>";
		};
		183E498D2A5564D9000E0C78 /* Views */ = {
			isa = PBXGroup;
			children = (
				183E49922A55658B000E0C78 /* CollectionViewTableViewCell.swift */,
				183E49942A569F5C000E0C78 /* HeroHeaderUIView.swift */,
				183E499E2A5EC2D4000E0C78 /* TitleCollectionViewCell.swift */,
				183E49A52A6CB891000E0C78 /* TitleTableViewCell.swift */,
			);
			path = Views;
			sourceTree = "<group>";
		};
		183E498E2A5564F0000E0C78 /* ViewModels */ = {
			isa = PBXGroup;
			children = (
				183E49A72A6CBCF7000E0C78 /* TitleViewModel.swift */,
			);
			path = ViewModels;
			sourceTree = "<group>";
		};
		183E498F2A5564FF000E0C78 /* Models */ = {
			isa = PBXGroup;
			children = (
				183E49982A594ECC000E0C78 /* Title.swift */,
				183E49AF2A774261000E0C78 /* YoutubeSearchResponse.swift */,
			);
			path = Models;
			sourceTree = "<group>";
		};
		183E49902A55652A000E0C78 /* Resources */ = {
			isa = PBXGroup;
			children = (
				183E499A2A5D46E8000E0C78 /* Extension.swift */,
			);
			path = Resources;
			sourceTree = "<group>";
		};
		183E49912A556531000E0C78 /* Managers */ = {
			isa = PBXGroup;
			children = (
				183E49962A594959000E0C78 /* API caller.swift */,
			);
			path = Managers;
			sourceTree = "<group>";
		};
		183E49AD2A711124000E0C78 /* Core */ = {
			isa = PBXGroup;
			children = (
				183E49852A5412E2000E0C78 /* HomeViewController.swift */,
				183E49872A541329000E0C78 /* UpcomingViewController.swift */,
				183E49892A541356000E0C78 /* SearchViewController.swift */,
				183E498B2A54138A000E0C78 /* DownloadsViewController.swift */,
			);
			path = Core;
			sourceTree = "<group>";
		};
		183E49AE2A711142000E0C78 /* General */ = {
			isa = PBXGroup;
			children = (
				183E49AB2A7110F2000E0C78 /* SearchResultsViewController.swift */,
			);
			path = General;
			sourceTree = "<group>";
		};
/* End PBXGroup section */

/* Begin PBXNativeTarget section */
		183E496C2A540641000E0C78 /* Netflix Clone */ = {
			isa = PBXNativeTarget;
			buildConfigurationList = 183E49812A540643000E0C78 /* Build configuration list for PBXNativeTarget "Netflix Clone" */;
			buildPhases = (
				183E49692A540641000E0C78 /* Sources */,
				183E496A2A540641000E0C78 /* Frameworks */,
				183E496B2A540641000E0C78 /* Resources */,
			);
			buildRules = (
			);
			dependencies = (
			);
			name = "Netflix Clone";
			packageProductDependencies = (
				183E49A12A5EC9AF000E0C78 /* SDWebImage */,
				183E49A32A5EC9AF000E0C78 /* SDWebImageMapKit */,
			);
			productName = "Netflix Clone";
			productReference = 183E496D2A540641000E0C78 /* Netflix Clone.app */;
			productType = "com.apple.product-type.application";
		};
/* End PBXNativeTarget section */

/* Begin PBXProject section */
		183E49652A540641000E0C78 /* Project object */ = {
			isa = PBXProject;
			attributes = {
				BuildIndependentTargetsInParallel = 1;
				LastSwiftUpdateCheck = 1430;
				LastUpgradeCheck = 1430;
				TargetAttributes = {
					183E496C2A540641000E0C78 = {
						CreatedOnToolsVersion = 14.3.1;
					};
				};
			};
			buildConfigurationList = 183E49682A540641000E0C78 /* Build configuration list for PBXProject "Netflix Clone" */;
			compatibilityVersion = "Xcode 14.0";
			developmentRegion = en;
			hasScannedForEncodings = 0;
			knownRegions = (
				en,
				Base,
			);
			mainGroup = 183E49642A540641000E0C78;
			packageReferences = (
				183E49A02A5EC9AF000E0C78 /* XCRemoteSwiftPackageReference "SDWebImage" */,
			);
			productRefGroup = 183E496E2A540641000E0C78 /* Products */;
			projectDirPath = "";
			projectRoot = "";
			targets = (
				183E496C2A540641000E0C78 /* Netflix Clone */,
			);
		};
/* End PBXProject section */

/* Begin PBXResourcesBuildPhase section */
		183E496B2A540641000E0C78 /* Resources */ = {
			isa = PBXResourcesBuildPhase;
			buildActionMask = 2147483647;
			files = (
				183E497D2A540643000E0C78 /* LaunchScreen.storyboard in Resources */,
				183E497A2A540643000E0C78 /* Assets.xcassets in Resources */,
			);
			runOnlyForDeploymentPostprocessing = 0;
		};
/* End PBXResourcesBuildPhase section */

/* Begin PBXSourcesBuildPhase section */
		183E49692A540641000E0C78 /* Sources */ = {
			isa = PBXSourcesBuildPhase;
			buildActionMask = 2147483647;
			files = (
				183E49A62A6CB891000E0C78 /* TitleTableViewCell.swift in Sources */,
				183E49972A594959000E0C78 /* API caller.swift in Sources */,
				183E499F2A5EC2D4000E0C78 /* TitleCollectionViewCell.swift in Sources */,
				183E498A2A541356000E0C78 /* SearchViewController.swift in Sources */,
				183E49752A540641000E0C78 /* MainTabBarViewController.swift in Sources */,
				183E499B2A5D46E8000E0C78 /* Extension.swift in Sources */,
				183E49932A55658B000E0C78 /* CollectionViewTableViewCell.swift in Sources */,
				183E49952A569F5C000E0C78 /* HeroHeaderUIView.swift in Sources */,
				183E498C2A54138A000E0C78 /* DownloadsViewController.swift in Sources */,
				183E49AC2A7110F2000E0C78 /* SearchResultsViewController.swift in Sources */,
				183E49712A540641000E0C78 /* AppDelegate.swift in Sources */,
				183E49B02A774261000E0C78 /* YoutubeSearchResponse.swift in Sources */,
				183E49732A540641000E0C78 /* SceneDelegate.swift in Sources */,
				183E49882A541329000E0C78 /* UpcomingViewController.swift in Sources */,
				183E49992A594ECC000E0C78 /* Title.swift in Sources */,
				183E49862A5412E2000E0C78 /* HomeViewController.swift in Sources */,
				183E49A82A6CBCF7000E0C78 /* TitleViewModel.swift in Sources */,
			);
			runOnlyForDeploymentPostprocessing = 0;
		};
/* End PBXSourcesBuildPhase section */

/* Begin PBXVariantGroup section */
		183E497B2A540643000E0C78 /* LaunchScreen.storyboard */ = {
			isa = PBXVariantGroup;
			children = (
				183E497C2A540643000E0C78 /* Base */,
			);
			name = LaunchScreen.storyboard;
			sourceTree = "<group>";
		};
/* End PBXVariantGroup section */

/* Begin XCBuildConfiguration section */
		183E497F2A540643000E0C78 /* Debug */ = {
			isa = XCBuildConfiguration;
			buildSettings = {
				ALWAYS_SEARCH_USER_PATHS = NO;
				CLANG_ANALYZER_NONNULL = YES;
				CLANG_ANALYZER_NUMBER_OBJECT_CONVERSION = YES_AGGRESSIVE;
				CLANG_CXX_LANGUAGE_STANDARD = "gnu++20";
				CLANG_ENABLE_MODULES = YES;
				CLANG_ENABLE_OBJC_ARC = YES;
				CLANG_ENABLE_OBJC_WEAK = YES;
				CLANG_WARN_BLOCK_CAPTURE_AUTORELEASING = YES;
				CLANG_WARN_BOOL_CONVERSION = YES;
				CLANG_WARN_COMMA = YES;
				CLANG_WARN_CONSTANT_CONVERSION = YES;
				CLANG_WARN_DEPRECATED_OBJC_IMPLEMENTATIONS = YES;
				CLANG_WARN_DIRECT_OBJC_ISA_USAGE = YES_ERROR;
				CLANG_WARN_DOCUMENTATION_COMMENTS = YES;
				CLANG_WARN_EMPTY_BODY = YES;
				CLANG_WARN_ENUM_CONVERSION = YES;
				CLANG_WARN_INFINITE_RECURSION = YES;
				CLANG_WARN_INT_CONVERSION = YES;
				CLANG_WARN_NON_LITERAL_NULL_CONVERSION = YES;
				CLANG_WARN_OBJC_IMPLICIT_RETAIN_SELF = YES;
				CLANG_WARN_OBJC_LITERAL_CONVERSION = YES;
				CLANG_WARN_OBJC_ROOT_CLASS = YES_ERROR;
				CLANG_WARN_QUOTED_INCLUDE_IN_FRAMEWORK_HEADER = YES;
				CLANG_WARN_RANGE_LOOP_ANALYSIS = YES;
				CLANG_WARN_STRICT_PROTOTYPES = YES;
				CLANG_WARN_SUSPICIOUS_MOVE = YES;
				CLANG_WARN_UNGUARDED_AVAILABILITY = YES_AGGRESSIVE;
				CLANG_WARN_UNREACHABLE_CODE = YES;
				CLANG_WARN__DUPLICATE_METHOD_MATCH = YES;
				COPY_PHASE_STRIP = NO;
				DEBUG_INFORMATION_FORMAT = dwarf;
				ENABLE_STRICT_OBJC_MSGSEND = YES;
				ENABLE_TESTABILITY = YES;
				GCC_C_LANGUAGE_STANDARD = gnu11;
				GCC_DYNAMIC_NO_PIC = NO;
				GCC_NO_COMMON_BLOCKS = YES;
				GCC_OPTIMIZATION_LEVEL = 0;
				GCC_PREPROCESSOR_DEFINITIONS = (
					"DEBUG=1",
					"$(inherited)",
				);
				GCC_WARN_64_TO_32_BIT_CONVERSION = YES;
				GCC_WARN_ABOUT_RETURN_TYPE = YES_ERROR;
				GCC_WARN_UNDECLARED_SELECTOR = YES;
				GCC_WARN_UNINITIALIZED_AUTOS = YES_AGGRESSIVE;
				GCC_WARN_UNUSED_FUNCTION = YES;
				GCC_WARN_UNUSED_VARIABLE = YES;
				IPHONEOS_DEPLOYMENT_TARGET = 16.4;
				MTL_ENABLE_DEBUG_INFO = INCLUDE_SOURCE;
				MTL_FAST_MATH = YES;
				ONLY_ACTIVE_ARCH = YES;
				SDKROOT = iphoneos;
				SWIFT_ACTIVE_COMPILATION_CONDITIONS = DEBUG;
				SWIFT_OPTIMIZATION_LEVEL = "-Onone";
			};
			name = Debug;
		};
		183E49802A540643000E0C78 /* Release */ = {
			isa = XCBuildConfiguration;
			buildSettings = {
				ALWAYS_SEARCH_USER_PATHS = NO;
				CLANG_ANALYZER_NONNULL = YES;
				CLANG_ANALYZER_NUMBER_OBJECT_CONVERSION = YES_AGGRESSIVE;
				CLANG_CXX_LANGUAGE_STANDARD = "gnu++20";
				CLANG_ENABLE_MODULES = YES;
				CLANG_ENABLE_OBJC_ARC = YES;
				CLANG_ENABLE_OBJC_WEAK = YES;
				CLANG_WARN_BLOCK_CAPTURE_AUTORELEASING = YES;
				CLANG_WARN_BOOL_CONVERSION = YES;
				CLANG_WARN_COMMA = YES;
				CLANG_WARN_CONSTANT_CONVERSION = YES;
				CLANG_WARN_DEPRECATED_OBJC_IMPLEMENTATIONS = YES;
				CLANG_WARN_DIRECT_OBJC_ISA_USAGE = YES_ERROR;
				CLANG_WARN_DOCUMENTATION_COMMENTS = YES;
				CLANG_WARN_EMPTY_BODY = YES;
				CLANG_WARN_ENUM_CONVERSION = YES;
				CLANG_WARN_INFINITE_RECURSION = YES;
				CLANG_WARN_INT_CONVERSION = YES;
				CLANG_WARN_NON_LITERAL_NULL_CONVERSION = YES;
				CLANG_WARN_OBJC_IMPLICIT_RETAIN_SELF = YES;
				CLANG_WARN_OBJC_LITERAL_CONVERSION = YES;
				CLANG_WARN_OBJC_ROOT_CLASS = YES_ERROR;
				CLANG_WARN_QUOTED_INCLUDE_IN_FRAMEWORK_HEADER = YES;
				CLANG_WARN_RANGE_LOOP_ANALYSIS = YES;
				CLANG_WARN_STRICT_PROTOTYPES = YES;
				CLANG_WARN_SUSPICIOUS_MOVE = YES;
				CLANG_WARN_UNGUARDED_AVAILABILITY = YES_AGGRESSIVE;
				CLANG_WARN_UNREACHABLE_CODE = YES;
				CLANG_WARN__DUPLICATE_METHOD_MATCH = YES;
				COPY_PHASE_STRIP = NO;
				DEBUG_INFORMATION_FORMAT = "dwarf-with-dsym";
				ENABLE_NS_ASSERTIONS = NO;
				ENABLE_STRICT_OBJC_MSGSEND = YES;
				GCC_C_LANGUAGE_STANDARD = gnu11;
				GCC_NO_COMMON_BLOCKS = YES;
				GCC_WARN_64_TO_32_BIT_CONVERSION = YES;
				GCC_WARN_ABOUT_RETURN_TYPE = YES_ERROR;
				GCC_WARN_UNDECLARED_SELECTOR = YES;
				GCC_WARN_UNINITIALIZED_AUTOS = YES_AGGRESSIVE;
				GCC_WARN_UNUSED_FUNCTION = YES;
				GCC_WARN_UNUSED_VARIABLE = YES;
				IPHONEOS_DEPLOYMENT_TARGET = 16.4;
				MTL_ENABLE_DEBUG_INFO = NO;
				MTL_FAST_MATH = YES;
				SDKROOT = iphoneos;
				SWIFT_COMPILATION_MODE = wholemodule;
				SWIFT_OPTIMIZATION_LEVEL = "-O";
				VALIDATE_PRODUCT = YES;
			};
			name = Release;
		};
		183E49822A540643000E0C78 /* Debug */ = {
			isa = XCBuildConfiguration;
			buildSettings = {
				ASSETCATALOG_COMPILER_APPICON_NAME = AppIcon;
				ASSETCATALOG_COMPILER_GLOBAL_ACCENT_COLOR_NAME = AccentColor;
				CODE_SIGN_STYLE = Automatic;
				CURRENT_PROJECT_VERSION = 1;
				GENERATE_INFOPLIST_FILE = YES;
				INFOPLIST_FILE = "Netflix Clone/Info.plist";
				INFOPLIST_KEY_UIApplicationSupportsIndirectInputEvents = YES;
				INFOPLIST_KEY_UILaunchStoryboardName = LaunchScreen;
				INFOPLIST_KEY_UISupportedInterfaceOrientations_iPad = "UIInterfaceOrientationPortrait UIInterfaceOrientationPortraitUpsideDown UIInterfaceOrientationLandscapeLeft UIInterfaceOrientationLandscapeRight";
				INFOPLIST_KEY_UISupportedInterfaceOrientations_iPhone = "UIInterfaceOrientationPortrait UIInterfaceOrientationLandscapeLeft UIInterfaceOrientationLandscapeRight";
				LD_RUNPATH_SEARCH_PATHS = (
					"$(inherited)",
					"@executable_path/Frameworks",
				);
				MARKETING_VERSION = 1.0;
				PRODUCT_BUNDLE_IDENTIFIER = "Jiaming.Netflix-Clone";
				PRODUCT_NAME = "$(TARGET_NAME)";
				SWIFT_EMIT_LOC_STRINGS = YES;
				SWIFT_VERSION = 5.0;
				TARGETED_DEVICE_FAMILY = "1,2";
			};
			name = Debug;
		};
		183E49832A540643000E0C78 /* Release */ = {
			isa = XCBuildConfiguration;
			buildSettings = {
				ASSETCATALOG_COMPILER_APPICON_NAME = AppIcon;
				ASSETCATALOG_COMPILER_GLOBAL_ACCENT_COLOR_NAME = AccentColor;
				CODE_SIGN_STYLE = Automatic;
				CURRENT_PROJECT_VERSION = 1;
				GENERATE_INFOPLIST_FILE = YES;
				INFOPLIST_FILE = "Netflix Clone/Info.plist";
				INFOPLIST_KEY_UIApplicationSupportsIndirectInputEvents = YES;
				INFOPLIST_KEY_UILaunchStoryboardName = LaunchScreen;
				INFOPLIST_KEY_UISupportedInterfaceOrientations_iPad = "UIInterfaceOrientationPortrait UIInterfaceOrientationPortraitUpsideDown UIInterfaceOrientationLandscapeLeft UIInterfaceOrientationLandscapeRight";
				INFOPLIST_KEY_UISupportedInterfaceOrientations_iPhone = "UIInterfaceOrientationPortrait UIInterfaceOrientationLandscapeLeft UIInterfaceOrientationLandscapeRight";
				LD_RUNPATH_SEARCH_PATHS = (
					"$(inherited)",
					"@executable_path/Frameworks",
				);
				MARKETING_VERSION = 1.0;
				PRODUCT_BUNDLE_IDENTIFIER = "Jiaming.Netflix-Clone";
				PRODUCT_NAME = "$(TARGET_NAME)";
				SWIFT_EMIT_LOC_STRINGS = YES;
				SWIFT_VERSION = 5.0;
				TARGETED_DEVICE_FAMILY = "1,2";
			};
			name = Release;
		};
/* End XCBuildConfiguration section */

/* Begin XCConfigurationList section */
		183E49682A540641000E0C78 /* Build configuration list for PBXProject "Netflix Clone" */ = {
			isa = XCConfigurationList;
			buildConfigurations = (
				183E497F2A540643000E0C78 /* Debug */,
				183E49802A540643000E0C78 /* Release */,
			);
			defaultConfigurationIsVisible = 0;
			defaultConfigurationName = Release;
		};
		183E49812A540643000E0C78 /* Build configuration list for PBXNativeTarget "Netflix Clone" */ = {
			isa = XCConfigurationList;
			buildConfigurations = (
				183E49822A540643000E0C78 /* Debug */,
				183E49832A540643000E0C78 /* Release */,
			);
			defaultConfigurationIsVisible = 0;
			defaultConfigurationName = Release;
		};
/* End XCConfigurationList section */

/* Begin XCRemoteSwiftPackageReference section */
		183E49A02A5EC9AF000E0C78 /* XCRemoteSwiftPackageReference "SDWebImage" */ = {
			isa = XCRemoteSwiftPackageReference;
			repositoryURL = "https://github.com/SDWebImage/SDWebImage.git";
			requirement = {
				branch = master;
				kind = branch;
			};
		};
/* End XCRemoteSwiftPackageReference section */

/* Begin XCSwiftPackageProductDependency section */
		183E49A12A5EC9AF000E0C78 /* SDWebImage */ = {
			isa = XCSwiftPackageProductDependency;
			package = 183E49A02A5EC9AF000E0C78 /* XCRemoteSwiftPackageReference "SDWebImage" */;
			productName = SDWebImage;
		};
		183E49A32A5EC9AF000E0C78 /* SDWebImageMapKit */ = {
			isa = XCSwiftPackageProductDependency;
			package = 183E49A02A5EC9AF000E0C78 /* XCRemoteSwiftPackageReference "SDWebImage" */;
			productName = SDWebImageMapKit;
		};
/* End XCSwiftPackageProductDependency section */
	};
	rootObject = 183E49652A540641000E0C78 /* Project object */;
}
